// !$*UTF8*$!
{
	archiveVersion = 1;
	classes = {
	};
	objectVersion = 50;
	objects = {

/* Begin PBXBuildFile section */
		3276EB7F260E1C220022287E /* AppDelegate.swift in Sources */ = {isa = PBXBuildFile; fileRef = 3276EB7E260E1C220022287E /* AppDelegate.swift */; };
		3276EB81260E1C220022287E /* SceneDelegate.swift in Sources */ = {isa = PBXBuildFile; fileRef = 3276EB80260E1C220022287E /* SceneDelegate.swift */; };
		3276EB88260E1C230022287E /* Assets.xcassets in Resources */ = {isa = PBXBuildFile; fileRef = 3276EB87260E1C230022287E /* Assets.xcassets */; };
		3276EB8B260E1C230022287E /* LaunchScreen.storyboard in Resources */ = {isa = PBXBuildFile; fileRef = 3276EB89260E1C230022287E /* LaunchScreen.storyboard */; };
		3276EBA2260E1F430022287E /* HomeViewController.swift in Sources */ = {isa = PBXBuildFile; fileRef = 3276EBA1260E1F430022287E /* HomeViewController.swift */; };
		3276EBA6260E22AF0022287E /* PhotoFeedResult.swift in Sources */ = {isa = PBXBuildFile; fileRef = 3276EBA5260E22AF0022287E /* PhotoFeedResult.swift */; };
		3276EBA9260E23890022287E /* Photo.swift in Sources */ = {isa = PBXBuildFile; fileRef = 3276EBA8260E23890022287E /* Photo.swift */; };
		3276EBAC260E25970022287E /* PhotoSize.swift in Sources */ = {isa = PBXBuildFile; fileRef = 3276EBAB260E25970022287E /* PhotoSize.swift */; };
		3276EBAF260E2B070022287E /* EndPoint.swift in Sources */ = {isa = PBXBuildFile; fileRef = 3276EBAE260E2B070022287E /* EndPoint.swift */; };
		3276EBB3260E2C050022287E /* API.swift in Sources */ = {isa = PBXBuildFile; fileRef = 3276EBB2260E2C050022287E /* API.swift */; };
/* End PBXBuildFile section */

/* Begin PBXFileReference section */
		3276EB7B260E1C220022287E /* SearchForFreePhotos.app */ = {isa = PBXFileReference; explicitFileType = wrapper.application; includeInIndex = 0; path = SearchForFreePhotos.app; sourceTree = BUILT_PRODUCTS_DIR; };
		3276EB7E260E1C220022287E /* AppDelegate.swift */ = {isa = PBXFileReference; lastKnownFileType = sourcecode.swift; path = AppDelegate.swift; sourceTree = "<group>"; };
		3276EB80260E1C220022287E /* SceneDelegate.swift */ = {isa = PBXFileReference; lastKnownFileType = sourcecode.swift; path = SceneDelegate.swift; sourceTree = "<group>"; };
		3276EB87260E1C230022287E /* Assets.xcassets */ = {isa = PBXFileReference; lastKnownFileType = folder.assetcatalog; path = Assets.xcassets; sourceTree = "<group>"; };
		3276EB8A260E1C230022287E /* Base */ = {isa = PBXFileReference; lastKnownFileType = file.storyboard; name = Base; path = Base.lproj/LaunchScreen.storyboard; sourceTree = "<group>"; };
		3276EB8C260E1C230022287E /* Info.plist */ = {isa = PBXFileReference; lastKnownFileType = text.plist.xml; path = Info.plist; sourceTree = "<group>"; };
		3276EBA1260E1F430022287E /* HomeViewController.swift */ = {isa = PBXFileReference; lastKnownFileType = sourcecode.swift; path = HomeViewController.swift; sourceTree = "<group>"; };
		3276EBA5260E22AF0022287E /* PhotoFeedResult.swift */ = {isa = PBXFileReference; lastKnownFileType = sourcecode.swift; path = PhotoFeedResult.swift; sourceTree = "<group>"; };
		3276EBA8260E23890022287E /* Photo.swift */ = {isa = PBXFileReference; lastKnownFileType = sourcecode.swift; path = Photo.swift; sourceTree = "<group>"; };
		3276EBAB260E25970022287E /* PhotoSize.swift */ = {isa = PBXFileReference; lastKnownFileType = sourcecode.swift; path = PhotoSize.swift; sourceTree = "<group>"; };
		3276EBAE260E2B070022287E /* EndPoint.swift */ = {isa = PBXFileReference; lastKnownFileType = sourcecode.swift; path = EndPoint.swift; sourceTree = "<group>"; };
		3276EBB2260E2C050022287E /* API.swift */ = {isa = PBXFileReference; lastKnownFileType = sourcecode.swift; path = API.swift; sourceTree = "<group>"; };
/* End PBXFileReference section */

/* Begin PBXFrameworksBuildPhase section */
		3276EB78260E1C220022287E /* Frameworks */ = {
			isa = PBXFrameworksBuildPhase;
			buildActionMask = 2147483647;
			files = (
			);
			runOnlyForDeploymentPostprocessing = 0;
		};
/* End PBXFrameworksBuildPhase section */

/* Begin PBXGroup section */
		3276EB72260E1C220022287E = {
			isa = PBXGroup;
			children = (
				3276EB7D260E1C220022287E /* SearchForFreePhotos */,
				3276EB7C260E1C220022287E /* Products */,
			);
			sourceTree = "<group>";
		};
		3276EB7C260E1C220022287E /* Products */ = {
			isa = PBXGroup;
			children = (
				3276EB7B260E1C220022287E /* SearchForFreePhotos.app */,
			);
			name = Products;
			sourceTree = "<group>";
		};
		3276EB7D260E1C220022287E /* SearchForFreePhotos */ = {
			isa = PBXGroup;
			children = (
				3276EB9A260E1E920022287E /* NetworkManager */,
				3276EB98260E1E690022287E /* ViewModels */,
				3276EB97260E1E650022287E /* Models */,
				3276EB95260E1E410022287E /* ViewControllers */,
				3276EB96260E1E490022287E /* Views */,
				3276EB9F260E1EF80022287E /* SupportingFiles */,
			);
			path = SearchForFreePhotos;
			sourceTree = "<group>";
		};
		3276EB95260E1E410022287E /* ViewControllers */ = {
			isa = PBXGroup;
			children = (
				3276EBA1260E1F430022287E /* HomeViewController.swift */,
			);
			path = ViewControllers;
			sourceTree = "<group>";
		};
		3276EB96260E1E490022287E /* Views */ = {
			isa = PBXGroup;
			children = (
			);
			path = Views;
			sourceTree = "<group>";
		};
		3276EB97260E1E650022287E /* Models */ = {
			isa = PBXGroup;
			children = (
				3276EBA5260E22AF0022287E /* PhotoFeedResult.swift */,
				3276EBA8260E23890022287E /* Photo.swift */,
				3276EBAB260E25970022287E /* PhotoSize.swift */,
			);
			path = Models;
			sourceTree = "<group>";
		};
		3276EB98260E1E690022287E /* ViewModels */ = {
			isa = PBXGroup;
			children = (
			);
			path = ViewModels;
			sourceTree = "<group>";
		};
		3276EB9A260E1E920022287E /* NetworkManager */ = {
			isa = PBXGroup;
			children = (
				3276EBAE260E2B070022287E /* EndPoint.swift */,
				3276EBB2260E2C050022287E /* API.swift */,
			);
			path = NetworkManager;
			sourceTree = "<group>";
		};
		3276EB9F260E1EF80022287E /* SupportingFiles */ = {
			isa = PBXGroup;
			children = (
				3276EB7E260E1C220022287E /* AppDelegate.swift */,
				3276EB80260E1C220022287E /* SceneDelegate.swift */,
				3276EB87260E1C230022287E /* Assets.xcassets */,
				3276EB89260E1C230022287E /* LaunchScreen.storyboard */,
				3276EB8C260E1C230022287E /* Info.plist */,
			);
			path = SupportingFiles;
			sourceTree = "<group>";
		};
/* End PBXGroup section */

/* Begin PBXNativeTarget section */
		3276EB7A260E1C220022287E /* SearchForFreePhotos */ = {
			isa = PBXNativeTarget;
			buildConfigurationList = 3276EB8F260E1C230022287E /* Build configuration list for PBXNativeTarget "SearchForFreePhotos" */;
			buildPhases = (
				3276EB77260E1C220022287E /* Sources */,
				3276EB78260E1C220022287E /* Frameworks */,
				3276EB79260E1C220022287E /* Resources */,
			);
			buildRules = (
			);
			dependencies = (
			);
			name = SearchForFreePhotos;
			productName = SearchForFreePhotos;
			productReference = 3276EB7B260E1C220022287E /* SearchForFreePhotos.app */;
			productType = "com.apple.product-type.application";
		};
/* End PBXNativeTarget section */

/* Begin PBXProject section */
		3276EB73260E1C220022287E /* Project object */ = {
			isa = PBXProject;
			attributes = {
				LastSwiftUpdateCheck = 1240;
				LastUpgradeCheck = 1240;
				TargetAttributes = {
					3276EB7A260E1C220022287E = {
						CreatedOnToolsVersion = 12.4;
					};
				};
			};
			buildConfigurationList = 3276EB76260E1C220022287E /* Build configuration list for PBXProject "SearchForFreePhotos" */;
			compatibilityVersion = "Xcode 9.3";
			developmentRegion = en;
			hasScannedForEncodings = 0;
			knownRegions = (
				en,
				Base,
			);
			mainGroup = 3276EB72260E1C220022287E;
			productRefGroup = 3276EB7C260E1C220022287E /* Products */;
			projectDirPath = "";
			projectRoot = "";
			targets = (
				3276EB7A260E1C220022287E /* SearchForFreePhotos */,
			);
		};
/* End PBXProject section */

/* Begin PBXResourcesBuildPhase section */
		3276EB79260E1C220022287E /* Resources */ = {
			isa = PBXResourcesBuildPhase;
			buildActionMask = 2147483647;
			files = (
				3276EB8B260E1C230022287E /* LaunchScreen.storyboard in Resources */,
				3276EB88260E1C230022287E /* Assets.xcassets in Resources */,
			);
			runOnlyForDeploymentPostprocessing = 0;
		};
/* End PBXResourcesBuildPhase section */

/* Begin PBXSourcesBuildPhase section */
		3276EB77260E1C220022287E /* Sources */ = {
			isa = PBXSourcesBuildPhase;
			buildActionMask = 2147483647;
			files = (
				3276EB7F260E1C220022287E /* AppDelegate.swift in Sources */,
				3276EBA6260E22AF0022287E /* PhotoFeedResult.swift in Sources */,
				3276EB81260E1C220022287E /* SceneDelegate.swift in Sources */,
				3276EBAC260E25970022287E /* PhotoSize.swift in Sources */,
				3276EBA2260E1F430022287E /* HomeViewController.swift in Sources */,
				3276EBA9260E23890022287E /* Photo.swift in Sources */,
				3276EBB3260E2C050022287E /* API.swift in Sources */,
				3276EBAF260E2B070022287E /* EndPoint.swift in Sources */,
			);
			runOnlyForDeploymentPostprocessing = 0;
		};
/* End PBXSourcesBuildPhase section */

/* Begin PBXVariantGroup section */
		3276EB89260E1C230022287E /* LaunchScreen.storyboard */ = {
			isa = PBXVariantGroup;
			children = (
				3276EB8A260E1C230022287E /* Base */,
			);
			name = LaunchScreen.storyboard;
			sourceTree = "<group>";
		};
/* End PBXVariantGroup section */

/* Begin XCBuildConfiguration section */
		3276EB8D260E1C230022287E /* Debug */ = {
			isa = XCBuildConfiguration;
			buildSettings = {
				ALWAYS_SEARCH_USER_PATHS = NO;
				CLANG_ANALYZER_NONNULL = YES;
				CLANG_ANALYZER_NUMBER_OBJECT_CONVERSION = YES_AGGRESSIVE;
				CLANG_CXX_LANGUAGE_STANDARD = "gnu++14";
				CLANG_CXX_LIBRARY = "libc++";
				CLANG_ENABLE_MODULES = YES;
				CLANG_ENABLE_OBJC_ARC = YES;
				CLANG_ENABLE_OBJC_WEAK = YES;
				CLANG_WARN_BLOCK_CAPTURE_AUTORELEASING = YES;
				CLANG_WARN_BOOL_CONVERSION = YES;
				CLANG_WARN_COMMA = YES;
				CLANG_WARN_CONSTANT_CONVERSION = YES;
				CLANG_WARN_DEPRECATED_OBJC_IMPLEMENTATIONS = YES;
				CLANG_WARN_DIRECT_OBJC_ISA_USAGE = YES_ERROR;
				CLANG_WARN_DOCUMENTATION_COMMENTS = YES;
				CLANG_WARN_EMPTY_BODY = YES;
				CLANG_WARN_ENUM_CONVERSION = YES;
				CLANG_WARN_INFINITE_RECURSION = YES;
				CLANG_WARN_INT_CONVERSION = YES;
				CLANG_WARN_NON_LITERAL_NULL_CONVERSION = YES;
				CLANG_WARN_OBJC_IMPLICIT_RETAIN_SELF = YES;
				CLANG_WARN_OBJC_LITERAL_CONVERSION = YES;
				CLANG_WARN_OBJC_ROOT_CLASS = YES_ERROR;
				CLANG_WARN_QUOTED_INCLUDE_IN_FRAMEWORK_HEADER = YES;
				CLANG_WARN_RANGE_LOOP_ANALYSIS = YES;
				CLANG_WARN_STRICT_PROTOTYPES = YES;
				CLANG_WARN_SUSPICIOUS_MOVE = YES;
				CLANG_WARN_UNGUARDED_AVAILABILITY = YES_AGGRESSIVE;
				CLANG_WARN_UNREACHABLE_CODE = YES;
				CLANG_WARN__DUPLICATE_METHOD_MATCH = YES;
				COPY_PHASE_STRIP = NO;
				DEBUG_INFORMATION_FORMAT = dwarf;
				ENABLE_STRICT_OBJC_MSGSEND = YES;
				ENABLE_TESTABILITY = YES;
				GCC_C_LANGUAGE_STANDARD = gnu11;
				GCC_DYNAMIC_NO_PIC = NO;
				GCC_NO_COMMON_BLOCKS = YES;
				GCC_OPTIMIZATION_LEVEL = 0;
				GCC_PREPROCESSOR_DEFINITIONS = (
					"DEBUG=1",
					"$(inherited)",
				);
				GCC_WARN_64_TO_32_BIT_CONVERSION = YES;
				GCC_WARN_ABOUT_RETURN_TYPE = YES_ERROR;
				GCC_WARN_UNDECLARED_SELECTOR = YES;
				GCC_WARN_UNINITIALIZED_AUTOS = YES_AGGRESSIVE;
				GCC_WARN_UNUSED_FUNCTION = YES;
				GCC_WARN_UNUSED_VARIABLE = YES;
				IPHONEOS_DEPLOYMENT_TARGET = 14.4;
				MTL_ENABLE_DEBUG_INFO = INCLUDE_SOURCE;
				MTL_FAST_MATH = YES;
				ONLY_ACTIVE_ARCH = YES;
				SDKROOT = iphoneos;
				SWIFT_ACTIVE_COMPILATION_CONDITIONS = DEBUG;
				SWIFT_OPTIMIZATION_LEVEL = "-Onone";
			};
			name = Debug;
		};
		3276EB8E260E1C230022287E /* Release */ = {
			isa = XCBuildConfiguration;
			buildSettings = {
				ALWAYS_SEARCH_USER_PATHS = NO;
				CLANG_ANALYZER_NONNULL = YES;
				CLANG_ANALYZER_NUMBER_OBJECT_CONVERSION = YES_AGGRESSIVE;
				CLANG_CXX_LANGUAGE_STANDARD = "gnu++14";
				CLANG_CXX_LIBRARY = "libc++";
				CLANG_ENABLE_MODULES = YES;
				CLANG_ENABLE_OBJC_ARC = YES;
				CLANG_ENABLE_OBJC_WEAK = YES;
				CLANG_WARN_BLOCK_CAPTURE_AUTORELEASING = YES;
				CLANG_WARN_BOOL_CONVERSION = YES;
				CLANG_WARN_COMMA = YES;
				CLANG_WARN_CONSTANT_CONVERSION = YES;
				CLANG_WARN_DEPRECATED_OBJC_IMPLEMENTATIONS = YES;
				CLANG_WARN_DIRECT_OBJC_ISA_USAGE = YES_ERROR;
				CLANG_WARN_DOCUMENTATION_COMMENTS = YES;
				CLANG_WARN_EMPTY_BODY = YES;
				CLANG_WARN_ENUM_CONVERSION = YES;
				CLANG_WARN_INFINITE_RECURSION = YES;
				CLANG_WARN_INT_CONVERSION = YES;
				CLANG_WARN_NON_LITERAL_NULL_CONVERSION = YES;
				CLANG_WARN_OBJC_IMPLICIT_RETAIN_SELF = YES;
				CLANG_WARN_OBJC_LITERAL_CONVERSION = YES;
				CLANG_WARN_OBJC_ROOT_CLASS = YES_ERROR;
				CLANG_WARN_QUOTED_INCLUDE_IN_FRAMEWORK_HEADER = YES;
				CLANG_WARN_RANGE_LOOP_ANALYSIS = YES;
				CLANG_WARN_STRICT_PROTOTYPES = YES;
				CLANG_WARN_SUSPICIOUS_MOVE = YES;
				CLANG_WARN_UNGUARDED_AVAILABILITY = YES_AGGRESSIVE;
				CLANG_WARN_UNREACHABLE_CODE = YES;
				CLANG_WARN__DUPLICATE_METHOD_MATCH = YES;
				COPY_PHASE_STRIP = NO;
				DEBUG_INFORMATION_FORMAT = "dwarf-with-dsym";
				ENABLE_NS_ASSERTIONS = NO;
				ENABLE_STRICT_OBJC_MSGSEND = YES;
				GCC_C_LANGUAGE_STANDARD = gnu11;
				GCC_NO_COMMON_BLOCKS = YES;
				GCC_WARN_64_TO_32_BIT_CONVERSION = YES;
				GCC_WARN_ABOUT_RETURN_TYPE = YES_ERROR;
				GCC_WARN_UNDECLARED_SELECTOR = YES;
				GCC_WARN_UNINITIALIZED_AUTOS = YES_AGGRESSIVE;
				GCC_WARN_UNUSED_FUNCTION = YES;
				GCC_WARN_UNUSED_VARIABLE = YES;
				IPHONEOS_DEPLOYMENT_TARGET = 14.4;
				MTL_ENABLE_DEBUG_INFO = NO;
				MTL_FAST_MATH = YES;
				SDKROOT = iphoneos;
				SWIFT_COMPILATION_MODE = wholemodule;
				SWIFT_OPTIMIZATION_LEVEL = "-O";
				VALIDATE_PRODUCT = YES;
			};
			name = Release;
		};
		3276EB90260E1C230022287E /* Debug */ = {
			isa = XCBuildConfiguration;
			buildSettings = {
				ASSETCATALOG_COMPILER_APPICON_NAME = AppIcon;
				ASSETCATALOG_COMPILER_GLOBAL_ACCENT_COLOR_NAME = AccentColor;
				CODE_SIGN_STYLE = Automatic;
				DEVELOPMENT_TEAM = 2V83UZ9AV3;
				INFOPLIST_FILE = SearchForFreePhotos/SupportingFiles/Info.plist;
				LD_RUNPATH_SEARCH_PATHS = (
					"$(inherited)",
					"@executable_path/Frameworks",
				);
				PRODUCT_BUNDLE_IDENTIFIER = "ru.yatsyuk.dev-mail.SearchForFreePhotos";
				PRODUCT_NAME = "$(TARGET_NAME)";
				SWIFT_VERSION = 5.0;
				TARGETED_DEVICE_FAMILY = "1,2";
			};
			name = Debug;
		};
		3276EB91260E1C230022287E /* Release */ = {
			isa = XCBuildConfiguration;
			buildSettings = {
				ASSETCATALOG_COMPILER_APPICON_NAME = AppIcon;
				ASSETCATALOG_COMPILER_GLOBAL_ACCENT_COLOR_NAME = AccentColor;
				CODE_SIGN_STYLE = Automatic;
				DEVELOPMENT_TEAM = 2V83UZ9AV3;
				INFOPLIST_FILE = SearchForFreePhotos/SupportingFiles/Info.plist;
				LD_RUNPATH_SEARCH_PATHS = (
					"$(inherited)",
					"@executable_path/Frameworks",
				);
				PRODUCT_BUNDLE_IDENTIFIER = "ru.yatsyuk.dev-mail.SearchForFreePhotos";
				PRODUCT_NAME = "$(TARGET_NAME)";
				SWIFT_VERSION = 5.0;
				TARGETED_DEVICE_FAMILY = "1,2";
			};
			name = Release;
		};
/* End XCBuildConfiguration section */

/* Begin XCConfigurationList section */
		3276EB76260E1C220022287E /* Build configuration list for PBXProject "SearchForFreePhotos" */ = {
			isa = XCConfigurationList;
			buildConfigurations = (
				3276EB8D260E1C230022287E /* Debug */,
				3276EB8E260E1C230022287E /* Release */,
			);
			defaultConfigurationIsVisible = 0;
			defaultConfigurationName = Release;
		};
		3276EB8F260E1C230022287E /* Build configuration list for PBXNativeTarget "SearchForFreePhotos" */ = {
			isa = XCConfigurationList;
			buildConfigurations = (
				3276EB90260E1C230022287E /* Debug */,
				3276EB91260E1C230022287E /* Release */,
			);
			defaultConfigurationIsVisible = 0;
			defaultConfigurationName = Release;
		};
/* End XCConfigurationList section */
	};
	rootObject = 3276EB73260E1C220022287E /* Project object */;
}
